
Microsoft Visual Studio Solution File, Format Version 12.00
# Visual Studio Version 17
VisualStudioVersion = 17.0.31903.59
MinimumVisualStudioVersion = 10.0.40219.1
Project("{2150E333-8FDC-42A3-9474-1A3956D46DE8}") = "src", "src", "{878D0377-E2B8-4700-AA4E-CB60F79408D4}"
EndProject
Project("{2150E333-8FDC-42A3-9474-1A3956D46DE8}") = "Core", "Core", "{34FEE723-84B9-4EB7-B9B2-0652D0FAED1D}"
EndProject
Project("{FAE04EC0-301F-11D3-BF4B-00C04F79EFBC}") = "Domain", "src\Core\Domain\Domain.csproj", "{C04B126D-F79C-45EA-9E4F-4DB9F85DC7F2}"
EndProject
Project("{FAE04EC0-301F-11D3-BF4B-00C04F79EFBC}") = "Application", "src\Core\Application\Application.csproj", "{EF0BD9B0-5977-4945-8463-757891B9691F}"
EndProject
Project("{2150E333-8FDC-42A3-9474-1A3956D46DE8}") = "Infrastructure", "Infrastructure", "{08808511-F6B1-41C4-9DB0-872A9B1B2CF5}"
EndProject
Project("{FAE04EC0-301F-11D3-BF4B-00C04F79EFBC}") = "Infrastructure", "src\Infrastructure\Infrastructure\Infrastructure.csproj", "{731B8C10-083C-48D7-8276-D2167FD11E5A}"
EndProject
Project("{FAE04EC0-301F-11D3-BF4B-00C04F79EFBC}") = "Persistence", "src\Infrastructure\Persistence\Persistence.csproj", "{90BBDFB1-28F9-400F-952D-7B9FA2F3E084}"
EndProject
Project("{2150E333-8FDC-42A3-9474-1A3956D46DE8}") = "Presentation", "Presentation", "{94DDA250-F9AA-4E04-8E6B-0239E684100B}"
EndProject
Project("{FAE04EC0-301F-11D3-BF4B-00C04F79EFBC}") = "API", "src\Presentation\API\API.csproj", "{0B6778B2-02B6-4654-B072-2A361A079542}"
EndProject
Global
	GlobalSection(SolutionConfigurationPlatforms) = preSolution
		Debug|Any CPU = Debug|Any CPU
		Release|Any CPU = Release|Any CPU
	EndGlobalSection
	GlobalSection(SolutionProperties) = preSolution
		HideSolutionNode = FALSE
	EndGlobalSection
	GlobalSection(ProjectConfigurationPlatforms) = postSolution
		{C04B126D-F79C-45EA-9E4F-4DB9F85DC7F2}.Debug|Any CPU.ActiveCfg = Debug|Any CPU
		{C04B126D-F79C-45EA-9E4F-4DB9F85DC7F2}.Debug|Any CPU.Build.0 = Debug|Any CPU
		{C04B126D-F79C-45EA-9E4F-4DB9F85DC7F2}.Release|Any CPU.ActiveCfg = Release|Any CPU
		{C04B126D-F79C-45EA-9E4F-4DB9F85DC7F2}.Release|Any CPU.Build.0 = Release|Any CPU
		{EF0BD9B0-5977-4945-8463-757891B9691F}.Debug|Any CPU.ActiveCfg = Debug|Any CPU
		{EF0BD9B0-5977-4945-8463-757891B9691F}.Debug|Any CPU.Build.0 = Debug|Any CPU
		{EF0BD9B0-5977-4945-8463-757891B9691F}.Release|Any CPU.ActiveCfg = Release|Any CPU
		{EF0BD9B0-5977-4945-8463-757891B9691F}.Release|Any CPU.Build.0 = Release|Any CPU
		{731B8C10-083C-48D7-8276-D2167FD11E5A}.Debug|Any CPU.ActiveCfg = Debug|Any CPU
		{731B8C10-083C-48D7-8276-D2167FD11E5A}.Debug|Any CPU.Build.0 = Debug|Any CPU
		{731B8C10-083C-48D7-8276-D2167FD11E5A}.Release|Any CPU.ActiveCfg = Release|Any CPU
		{731B8C10-083C-48D7-8276-D2167FD11E5A}.Release|Any CPU.Build.0 = Release|Any CPU
		{90BBDFB1-28F9-400F-952D-7B9FA2F3E084}.Debug|Any CPU.ActiveCfg = Debug|Any CPU
		{90BBDFB1-28F9-400F-952D-7B9FA2F3E084}.Debug|Any CPU.Build.0 = Debug|Any CPU
		{90BBDFB1-28F9-400F-952D-7B9FA2F3E084}.Release|Any CPU.ActiveCfg = Release|Any CPU
		{90BBDFB1-28F9-400F-952D-7B9FA2F3E084}.Release|Any CPU.Build.0 = Release|Any CPU
		{0B6778B2-02B6-4654-B072-2A361A079542}.Debug|Any CPU.ActiveCfg = Debug|Any CPU
		{0B6778B2-02B6-4654-B072-2A361A079542}.Debug|Any CPU.Build.0 = Debug|Any CPU
		{0B6778B2-02B6-4654-B072-2A361A079542}.Release|Any CPU.ActiveCfg = Release|Any CPU
		{0B6778B2-02B6-4654-B072-2A361A079542}.Release|Any CPU.Build.0 = Release|Any CPU
	EndGlobalSection
	GlobalSection(NestedProjects) = preSolution
		{34FEE723-84B9-4EB7-B9B2-0652D0FAED1D} = {878D0377-E2B8-4700-AA4E-CB60F79408D4}
		{C04B126D-F79C-45EA-9E4F-4DB9F85DC7F2} = {34FEE723-84B9-4EB7-B9B2-0652D0FAED1D}
		{EF0BD9B0-5977-4945-8463-757891B9691F} = {34FEE723-84B9-4EB7-B9B2-0652D0FAED1D}
		{08808511-F6B1-41C4-9DB0-872A9B1B2CF5} = {878D0377-E2B8-4700-AA4E-CB60F79408D4}
		{731B8C10-083C-48D7-8276-D2167FD11E5A} = {08808511-F6B1-41C4-9DB0-872A9B1B2CF5}
		{90BBDFB1-28F9-400F-952D-7B9FA2F3E084} = {08808511-F6B1-41C4-9DB0-872A9B1B2CF5}
		{94DDA250-F9AA-4E04-8E6B-0239E684100B} = {878D0377-E2B8-4700-AA4E-CB60F79408D4}
		{0B6778B2-02B6-4654-B072-2A361A079542} = {94DDA250-F9AA-4E04-8E6B-0239E684100B}
	EndGlobalSection
EndGlobal
